
Microsoft Visual Studio Solution File, Format Version 12.00
# Visual Studio Version 16
VisualStudioVersion = 16.0.30128.74
MinimumVisualStudioVersion = 10.0.40219.1
Project("{FAE04EC0-301F-11D3-BF4B-00C04F79EFBC}") = "CopyInserters", "DSP_CopyInserters\CopyInserters.csproj", "{AEF45E3E-3676-418D-AF59-D2708E797D8D}"
EndProject
Project("{FAE04EC0-301F-11D3-BF4B-00C04F79EFBC}") = "SphereProgress", "SphereProgress\SphereProgress.csproj", "{8EC6BEF3-B4BF-4819-8B9F-B8059073FF40}"
EndProject
Global
	GlobalSection(SolutionConfigurationPlatforms) = preSolution
		Debug|Any CPU = Debug|Any CPU
		Release|Any CPU = Release|Any CPU
	EndGlobalSection
	GlobalSection(ProjectConfigurationPlatforms) = postSolution
		{AEF45E3E-3676-418D-AF59-D2708E797D8D}.Debug|Any CPU.ActiveCfg = Debug|Any CPU
		{AEF45E3E-3676-418D-AF59-D2708E797D8D}.Debug|Any CPU.Build.0 = Debug|Any CPU
		{AEF45E3E-3676-418D-AF59-D2708E797D8D}.Release|Any CPU.ActiveCfg = Release|Any CPU
		{AEF45E3E-3676-418D-AF59-D2708E797D8D}.Release|Any CPU.Build.0 = Release|Any CPU
		{8EC6BEF3-B4BF-4819-8B9F-B8059073FF40}.Debug|Any CPU.ActiveCfg = Debug|Any CPU
		{8EC6BEF3-B4BF-4819-8B9F-B8059073FF40}.Debug|Any CPU.Build.0 = Debug|Any CPU
		{8EC6BEF3-B4BF-4819-8B9F-B8059073FF40}.Release|Any CPU.ActiveCfg = Release|Any CPU
		{8EC6BEF3-B4BF-4819-8B9F-B8059073FF40}.Release|Any CPU.Build.0 = Release|Any CPU
	EndGlobalSection
	GlobalSection(SolutionProperties) = preSolution
		HideSolutionNode = FALSE
	EndGlobalSection
	GlobalSection(ExtensibilityGlobals) = postSolution
		SolutionGuid = {56E14B95-CC75-42F2-86C5-F153469C7197}
	EndGlobalSection
EndGlobal
